
Microsoft Visual Studio Solution File, Format Version 12.00
# Visual Studio 15
VisualStudioVersion = 15.0.26730.12
MinimumVisualStudioVersion = 10.0.40219.1
Project("{FAE04EC0-301F-11D3-BF4B-00C04F79EFBC}") = "Take.Async.Samples", "Take.Async.Samples\Take.Async.Samples.csproj", "{AB5AF6DC-FBFA-47B5-BA97-CEC4E246ACE9}"
EndProject
Global
	GlobalSection(SolutionConfigurationPlatforms) = preSolution
		Debug|Any CPU = Debug|Any CPU
		Release|Any CPU = Release|Any CPU
	EndGlobalSection
	GlobalSection(ProjectConfigurationPlatforms) = postSolution
		{AB5AF6DC-FBFA-47B5-BA97-CEC4E246ACE9}.Debug|Any CPU.ActiveCfg = Debug|Any CPU
		{AB5AF6DC-FBFA-47B5-BA97-CEC4E246ACE9}.Debug|Any CPU.Build.0 = Debug|Any CPU
		{AB5AF6DC-FBFA-47B5-BA97-CEC4E246ACE9}.Release|Any CPU.ActiveCfg = Release|Any CPU
		{AB5AF6DC-FBFA-47B5-BA97-CEC4E246ACE9}.Release|Any CPU.Build.0 = Release|Any CPU
	EndGlobalSection
	GlobalSection(SolutionProperties) = preSolution
		HideSolutionNode = FALSE
	EndGlobalSection
	GlobalSection(ExtensibilityGlobals) = postSolution
		SolutionGuid = {17712855-9E57-4E1B-8BFA-8578D1DEA749}
	EndGlobalSection
EndGlobal
